{
  "name": "miniprogram-8",
  "version": "1.0.0",
  "lockfileVersion": 3,
  "requires": true,
  "packages": {
    "": {
      "name": "miniprogram-8",
      "version": "1.0.0",
      "license": "ISC",
      "dependencies": {
        "@vant/weapp": "^1.10.19",
        "tdesign-miniprogram": "^1.12.1",
        "weui-miniprogram": "^1.5.6"
      }
    },
    "node_modules/@vant/weapp": {
      "version": "1.10.19",
      "resolved": "https://registry.npmjs.org/@vant/weapp/-/weapp-1.10.19.tgz",
      "integrity": "sha512-RStOPlSELi9lqim9dGagguViUVMNnfZaEceZ248JZgPjn5TzL2nwwHGWl9VI69SBPC+5MPS+LXm7Z4jcdscFeg==",
      "license": "MIT"
    }
   }
}
