{
  "name": "miniprogram-8",
  "version": "1.0.0",
  "lockfileVersion": 3,
  "requires": true,
  "packages": {
    "": {
      "name": "miniprogram-8",
      "version": "1.0.0",
      "license": "ISC",
      "dependencies": {
        "@vant/weapp": "^1.10.19",
        "tdesign-miniprogram": "^1.12.1",
        "weui-miniprogram": "^1.5.6"
      }
    },
    "node_modules/@vant/weapp": {
      "version": "1.10.19",
      "resolved": "https://registry.npmjs.org/@vant/weapp/-/weapp-1.10.19.tgz",
      "integrity": "sha512-RStOPlSELi9lqim9dGagguViUVMNnfZaEceZ248JZgPjn5TzL2nwwHGWl9VI69SBPC+5MPS+LXm7Z4jcdscFeg==",
      "license": "MIT"
    },
    "node_modules/tdesign-miniprogram": {
      "version": "1.12.1",
      "resolved": "https://registry.npmjs.org/tdesign-miniprogram/-/tdesign-miniprogram-1.12.1.tgz",
      "integrity": "sha512-L2w/6lqVXSCtptvlPGlY91dutMb3dJlx9rFpmpLRtG7c7v1l89rIhvgLRgsaBcwTA5btdB8VXGXpTVj621bv5w==",
      "license": "MIT"
    },
    "node_modules/weui-miniprogram": {
      "version": "1.5.6",
      "resolved": "https://registry.npmjs.org/weui-miniprogram/-/weui-miniprogram-1.5.6.tgz",
      "integrity": "sha512-bGRHUdrQkFf6FzNT5UTapAMRdZQF0UP2uKu9ZR4MkPNwO3cWzlrkW8vBLxdS6k02O3VeNFATj/AsBCjHAsMBzA==",
      "license": "MIT"
    }
  }
}
